
Microsoft Visual Studio Solution File, Format Version 12.00
# Visual Studio Version 16
VisualStudioVersion = 16.0.31729.503
MinimumVisualStudioVersion = 10.0.40219.1
Project("{FAE04EC0-301F-11D3-BF4B-00C04F79EFBC}") = "RevisaoMatriz", "RevisaoMatriz\RevisaoMatriz.csproj", "{65E5D981-E1E3-4821-B1A7-6800B9E0FC38}"
EndProject
Global
	GlobalSection(SolutionConfigurationPlatforms) = preSolution
		Debug|Any CPU = Debug|Any CPU
		Release|Any CPU = Release|Any CPU
	EndGlobalSection
	GlobalSection(ProjectConfigurationPlatforms) = postSolution
		{65E5D981-E1E3-4821-B1A7-6800B9E0FC38}.Debug|Any CPU.ActiveCfg = Debug|Any CPU
		{65E5D981-E1E3-4821-B1A7-6800B9E0FC38}.Debug|Any CPU.Build.0 = Debug|Any CPU
		{65E5D981-E1E3-4821-B1A7-6800B9E0FC38}.Release|Any CPU.ActiveCfg = Release|Any CPU
		{65E5D981-E1E3-4821-B1A7-6800B9E0FC38}.Release|Any CPU.Build.0 = Release|Any CPU
	EndGlobalSection
	GlobalSection(SolutionProperties) = preSolution
		HideSolutionNode = FALSE
	EndGlobalSection
	GlobalSection(ExtensibilityGlobals) = postSolution
		SolutionGuid = {4BAF8F7B-335F-4F3C-BF11-E76232BBF2E9}
	EndGlobalSection
EndGlobal
